
Microsoft Visual Studio Solution File, Format Version 12.00
# Visual Studio Express 2012 for Windows Desktop
Project("{F184B08F-C81C-45F6-A57F-5ABD9991F28F}") = "Tic Tac Toe", "Tic Tac Toe\Tic Tac Toe.vbproj", "{801659F3-5E36-4547-8C52-84FA59601568}"
EndProject
Global
	GlobalSection(SolutionConfigurationPlatforms) = preSolution
		Debug|Any CPU = Debug|Any CPU
		Release|Any CPU = Release|Any CPU
	EndGlobalSection
	GlobalSection(ProjectConfigurationPlatforms) = postSolution
		{801659F3-5E36-4547-8C52-84FA59601568}.Debug|Any CPU.ActiveCfg = Debug|Any CPU
		{801659F3-5E36-4547-8C52-84FA59601568}.Debug|Any CPU.Build.0 = Debug|Any CPU
		{801659F3-5E36-4547-8C52-84FA59601568}.Release|Any CPU.ActiveCfg = Release|Any CPU
		{801659F3-5E36-4547-8C52-84FA59601568}.Release|Any CPU.Build.0 = Release|Any CPU
	EndGlobalSection
	GlobalSection(SolutionProperties) = preSolution
		HideSolutionNode = FALSE
	EndGlobalSection
EndGlobal
